{
    "_meta": {
        "hash": {
            "sha256": "8b65264a0c9e186de4ec05e32898332597910cb4afb06b8d2c88aea7ecea2bea"
        },
        "pipfile-spec": 6,
        "requires": {
            "python_version": "3.10"
        },
        "sources": [
            {
                "name": "pypi",
                "url": "https://pypi.org/simple",
                "verify_ssl": true
            }
        ]
    },
    "default": {
        "dacite": {
            "hashes": [
                "sha256:cc31ad6fdea1f49962ea42db9421772afe01ac5442380d9a99fcf3d188c61afe"
            ],
            "index": "pypi",
            "markers": "python_version >= '3.6'",
            "version": "==1.8.1"
        }
    },
    "develop": {}
}
